
Microsoft Visual Studio Solution File, Format Version 12.00
# Visual Studio 15
VisualStudioVersion = 15.0.27703.1
MinimumVisualStudioVersion = 10.0.40219.1
Project("{FAE04EC0-301F-11D3-BF4B-00C04F79EFBC}") = "ConsoleApp1", "ConsoleApp1\ConsoleApp1.csproj", "{C1435172-3B6C-4574-8BD7-98F4A4303FDA}"
EndProject
Global
	GlobalSection(SolutionConfigurationPlatforms) = preSolution
		Debug|Any CPU = Debug|Any CPU
		Release|Any CPU = Release|Any CPU
	EndGlobalSection
	GlobalSection(ProjectConfigurationPlatforms) = postSolution
		{C1435172-3B6C-4574-8BD7-98F4A4303FDA}.Debug|Any CPU.ActiveCfg = Debug|Any CPU
		{C1435172-3B6C-4574-8BD7-98F4A4303FDA}.Debug|Any CPU.Build.0 = Debug|Any CPU
		{C1435172-3B6C-4574-8BD7-98F4A4303FDA}.Release|Any CPU.ActiveCfg = Release|Any CPU
		{C1435172-3B6C-4574-8BD7-98F4A4303FDA}.Release|Any CPU.Build.0 = Release|Any CPU
	EndGlobalSection
	GlobalSection(SolutionProperties) = preSolution
		HideSolutionNode = FALSE
	EndGlobalSection
	GlobalSection(ExtensibilityGlobals) = postSolution
		SolutionGuid = {181D7304-BC53-46E0-AA4A-C71F628BE17A}
	EndGlobalSection
EndGlobal
